<?xml version="1.0" encoding="utf-8"?>
<Project ToolsVersion="4.0" xmlns="http://schemas.microsoft.com/developer/msbuild/2003">
  <ItemGroup>
    <Filter Include="source">
      <UniqueIdentifier>{2a0ae683-5d97-4a0e-a45c-4d9be7eda5fd}</UniqueIdentifier>
    </Filter>
  </ItemGroup>
  <ItemGroup>
    <ClCompile Include="..\source\CompileTimeList.cpp">
      <Filter>source</Filter>
    </ClCompile>
    <ClCompile Include="..\source\Motivation.cpp">
      <Filter>source</Filter>
    </ClCompile>
    <ClCompile Include="..\source\NamedParameters.cpp">
      <Filter>source</Filter>
    </ClCompile>
    <ClCompile Include="..\source\NamedParameters1.cpp">
      <Filter>source</Filter>
    </ClCompile>
    <ClCompile Include="..\source\NamedParameters2.cpp">
      <Filter>source</Filter>
    </ClCompile>
    <ClCompile Include="..\source\NamedParameters3.cpp">
      <Filter>source</Filter>
    </ClCompile>
    <ClCompile Include="..\source\NamedParameters4.cpp">
      <Filter>source</Filter>
    </ClCompile>
    <ClCompile Include="..\source\NamedParameters5.cpp">
      <Filter>source</Filter>
    </ClCompile>
    <ClCompile Include="..\source\NamedParameters6.cpp">
      <Filter>source</Filter>
    </ClCompile>
    <ClCompile Include="..\source\NamedParameters7.cpp">
      <Filter>source</Filter>
    </ClCompile>
    <ClCompile Include="..\source\NamedParameters8.cpp">
      <Filter>source</Filter>
    </ClCompile>
  </ItemGroup>
  <ItemGroup>
    <ClInclude Include="..\source\CompileTimeList.h">
      <Filter>source</Filter>
    </ClInclude>
    <ClInclude Include="..\source\NamedValue.h">
      <Filter>source</Filter>
    </ClInclude>
    <ClInclude Include="..\source\NamedValueMacros.h">
      <Filter>source</Filter>
    </ClInclude>
    <ClInclude Include="..\source\typestring.hh">
      <Filter>source</Filter>
    </ClInclude>
  </ItemGroup>
</Project>